{
  "object": {
    "pins": [
      {
        "package": "TimberSwift",
        "repositoryURL": "https://github.com/MonsantoCo/TimberSwift.git",
        "state": {
            "branch": null,
            "revision": "01f5ec82eb03450075f8174638fa4c167cf307aa",
            "version": "0.3.0"
        }
      }
    ]
  },
  "version": 1
}
