{
  "object": {
    "pins": [
      {
        "package": "TimberSwift",
        "repositoryURL": "https://github.com/MonsantoCo/TimberSwift.git",
        "state": {
          "branch": null,
          "revision": "99bbdb499135a5d6df86f3f7bc233a281f9b5634",
          "version": "0.1.0"
        }
      }
    ]
  },
  "version": 1
}
