// !$*UTF8*$!
{
	archiveVersion = 1;
	classes = {
	};
	objectVersion = 46;
	objects = {

/* Begin PBXAggregateTarget section */
		"GeospatialSwift::GeospatialSwiftPackageTests::ProductTarget" /* GeospatialSwiftPackageTests */ = {
			isa = PBXAggregateTarget;
			buildConfigurationList = OBJ_143 /* Build configuration list for PBXAggregateTarget "GeospatialSwiftPackageTests" */;
			buildPhases = (
			);
			dependencies = (
				OBJ_146 /* PBXTargetDependency */,
			);
			name = GeospatialSwiftPackageTests;
			productName = GeospatialSwiftPackageTests;
		};
/* End PBXAggregateTarget section */

/* Begin PBXBuildFile section */
		60944696240FE3B70021D3A6 /* GeoJsonSimpleViolation.swift in Sources */ = {isa = PBXBuildFile; fileRef = 60944695240FE3B70021D3A6 /* GeoJsonSimpleViolation.swift */; };
		60A857EF24360DB6008554C6 /* Result.swift in Sources */ = {isa = PBXBuildFile; fileRef = OBJ_47 /* Result.swift */; };
		OBJ_100 /* GeodesicCalculator.swift in Sources */ = {isa = PBXBuildFile; fileRef = OBJ_11 /* GeodesicCalculator.swift */; };
		OBJ_101 /* GeoJson.swift in Sources */ = {isa = PBXBuildFile; fileRef = OBJ_13 /* GeoJson.swift */; };
		OBJ_102 /* GeoJsonDictionary.swift in Sources */ = {isa = PBXBuildFile; fileRef = OBJ_14 /* GeoJsonDictionary.swift */; };
		OBJ_103 /* GeodesicBearing.swift in Sources */ = {isa = PBXBuildFile; fileRef = OBJ_15 /* GeodesicBearing.swift */; };
		OBJ_104 /* GeodesicBoundingBox.swift in Sources */ = {isa = PBXBuildFile; fileRef = OBJ_16 /* GeodesicBoundingBox.swift */; };
		OBJ_105 /* GeodesicLine.swift in Sources */ = {isa = PBXBuildFile; fileRef = OBJ_17 /* GeodesicLine.swift */; };
		OBJ_106 /* GeodesicLineSegment.swift in Sources */ = {isa = PBXBuildFile; fileRef = OBJ_18 /* GeodesicLineSegment.swift */; };
		OBJ_107 /* GeodesicPoint.swift in Sources */ = {isa = PBXBuildFile; fileRef = OBJ_19 /* GeodesicPoint.swift */; };
		OBJ_108 /* GeodesicPolygon.swift in Sources */ = {isa = PBXBuildFile; fileRef = OBJ_20 /* GeodesicPolygon.swift */; };
		OBJ_109 /* Feature.swift in Sources */ = {isa = PBXBuildFile; fileRef = OBJ_22 /* Feature.swift */; };
		OBJ_110 /* FeatureCollection.swift in Sources */ = {isa = PBXBuildFile; fileRef = OBJ_23 /* FeatureCollection.swift */; };
		OBJ_111 /* GeometryCollection.swift in Sources */ = {isa = PBXBuildFile; fileRef = OBJ_24 /* GeometryCollection.swift */; };
		OBJ_112 /* LineString.swift in Sources */ = {isa = PBXBuildFile; fileRef = OBJ_25 /* LineString.swift */; };
		OBJ_113 /* LinearRing.swift in Sources */ = {isa = PBXBuildFile; fileRef = OBJ_26 /* LinearRing.swift */; };
		OBJ_114 /* MultiLineString.swift in Sources */ = {isa = PBXBuildFile; fileRef = OBJ_27 /* MultiLineString.swift */; };
		OBJ_115 /* MultiPoint.swift in Sources */ = {isa = PBXBuildFile; fileRef = OBJ_28 /* MultiPoint.swift */; };
		OBJ_116 /* MultiPolygon.swift in Sources */ = {isa = PBXBuildFile; fileRef = OBJ_29 /* MultiPolygon.swift */; };
		OBJ_117 /* Point.swift in Sources */ = {isa = PBXBuildFile; fileRef = OBJ_30 /* Point.swift */; };
		OBJ_118 /* Polygon.swift in Sources */ = {isa = PBXBuildFile; fileRef = OBJ_31 /* Polygon.swift */; };
		OBJ_119 /* GeoJsonClosedGeometry.swift in Sources */ = {isa = PBXBuildFile; fileRef = OBJ_33 /* GeoJsonClosedGeometry.swift */; };
		OBJ_120 /* GeoJsonCoordinatesGeometry.swift in Sources */ = {isa = PBXBuildFile; fileRef = OBJ_34 /* GeoJsonCoordinatesGeometry.swift */; };
		OBJ_121 /* GeoJsonGeometry.swift in Sources */ = {isa = PBXBuildFile; fileRef = OBJ_35 /* GeoJsonGeometry.swift */; };
		OBJ_122 /* GeoJsonLinearGeometry.swift in Sources */ = {isa = PBXBuildFile; fileRef = OBJ_36 /* GeoJsonLinearGeometry.swift */; };
		OBJ_123 /* GeoJsonObject.swift in Sources */ = {isa = PBXBuildFile; fileRef = OBJ_37 /* GeoJsonObject.swift */; };
		OBJ_124 /* GeoJsonObjectType.swift in Sources */ = {isa = PBXBuildFile; fileRef = OBJ_38 /* GeoJsonObjectType.swift */; };
		OBJ_125 /* GeohashBox.swift in Sources */ = {isa = PBXBuildFile; fileRef = OBJ_40 /* GeohashBox.swift */; };
		OBJ_126 /* GeohashCoder.swift in Sources */ = {isa = PBXBuildFile; fileRef = OBJ_41 /* GeohashCoder.swift */; };
		OBJ_127 /* Geospatial.swift in Sources */ = {isa = PBXBuildFile; fileRef = OBJ_42 /* Geospatial.swift */; };
		OBJ_128 /* Array.swift in Sources */ = {isa = PBXBuildFile; fileRef = OBJ_44 /* Array.swift */; };
		OBJ_129 /* Bundle.swift in Sources */ = {isa = PBXBuildFile; fileRef = OBJ_45 /* Bundle.swift */; };
		OBJ_130 /* FloatingPoint.swift in Sources */ = {isa = PBXBuildFile; fileRef = OBJ_46 /* FloatingPoint.swift */; };
		OBJ_132 /* GeoJsonParser.swift in Sources */ = {isa = PBXBuildFile; fileRef = OBJ_49 /* GeoJsonParser.swift */; };
		OBJ_133 /* InvalidGeoJson.swift in Sources */ = {isa = PBXBuildFile; fileRef = OBJ_50 /* InvalidGeoJson.swift */; };
		OBJ_134 /* WktParser.swift in Sources */ = {isa = PBXBuildFile; fileRef = OBJ_51 /* WktParser.swift */; };
		OBJ_141 /* Package.swift in Sources */ = {isa = PBXBuildFile; fileRef = OBJ_6 /* Package.swift */; };
		OBJ_152 /* GeoJsonTestJson.swift in Sources */ = {isa = PBXBuildFile; fileRef = OBJ_55 /* GeoJsonTestJson.swift */; };
		OBJ_153 /* GeoTestHelper.swift in Sources */ = {isa = PBXBuildFile; fileRef = OBJ_56 /* GeoTestHelper.swift */; };
		OBJ_154 /* MockData.swift in Sources */ = {isa = PBXBuildFile; fileRef = OBJ_57 /* MockData.swift */; };
		OBJ_155 /* WktTestJson.swift in Sources */ = {isa = PBXBuildFile; fileRef = OBJ_58 /* WktTestJson.swift */; };
		OBJ_156 /* GeoJsonParsingPerformanceTests.swift in Sources */ = {isa = PBXBuildFile; fileRef = OBJ_60 /* GeoJsonParsingPerformanceTests.swift */; };
		OBJ_157 /* GeodesicCalculatorTests.swift in Sources */ = {isa = PBXBuildFile; fileRef = OBJ_64 /* GeodesicCalculatorTests.swift */; };
		OBJ_158 /* BoundingBoxTests.swift in Sources */ = {isa = PBXBuildFile; fileRef = OBJ_66 /* BoundingBoxTests.swift */; };
		OBJ_159 /* GeodesicLineSegmentTests.swift in Sources */ = {isa = PBXBuildFile; fileRef = OBJ_67 /* GeodesicLineSegmentTests.swift */; };
		OBJ_160 /* FeatureCollectionTests.swift in Sources */ = {isa = PBXBuildFile; fileRef = OBJ_69 /* FeatureCollectionTests.swift */; };
		OBJ_161 /* FeatureTests.swift in Sources */ = {isa = PBXBuildFile; fileRef = OBJ_70 /* FeatureTests.swift */; };
		OBJ_162 /* GeometryCollectionTests.swift in Sources */ = {isa = PBXBuildFile; fileRef = OBJ_71 /* GeometryCollectionTests.swift */; };
		OBJ_163 /* LineStringTests.swift in Sources */ = {isa = PBXBuildFile; fileRef = OBJ_72 /* LineStringTests.swift */; };
		OBJ_164 /* MultiLineStringTests.swift in Sources */ = {isa = PBXBuildFile; fileRef = OBJ_73 /* MultiLineStringTests.swift */; };
		OBJ_165 /* MultiPointTests.swift in Sources */ = {isa = PBXBuildFile; fileRef = OBJ_74 /* MultiPointTests.swift */; };
		OBJ_166 /* MultiPolygonTests.swift in Sources */ = {isa = PBXBuildFile; fileRef = OBJ_75 /* MultiPolygonTests.swift */; };
		OBJ_167 /* PointTests.swift in Sources */ = {isa = PBXBuildFile; fileRef = OBJ_76 /* PointTests.swift */; };
		OBJ_168 /* PolygonTests.swift in Sources */ = {isa = PBXBuildFile; fileRef = OBJ_77 /* PolygonTests.swift */; };
		OBJ_169 /* GeohashCoderTests.swift in Sources */ = {isa = PBXBuildFile; fileRef = OBJ_79 /* GeohashCoderTests.swift */; };
		OBJ_170 /* Assertions.swift in Sources */ = {isa = PBXBuildFile; fileRef = OBJ_81 /* Assertions.swift */; };
		OBJ_171 /* Equatable.swift in Sources */ = {isa = PBXBuildFile; fileRef = OBJ_82 /* Equatable.swift */; };
		OBJ_172 /* GeoJsonParserTests.swift in Sources */ = {isa = PBXBuildFile; fileRef = OBJ_84 /* GeoJsonParserTests.swift */; };
		OBJ_173 /* WktParserTests.swift in Sources */ = {isa = PBXBuildFile; fileRef = OBJ_85 /* WktParserTests.swift */; };
		OBJ_175 /* GeospatialSwift.framework in Frameworks */ = {isa = PBXBuildFile; fileRef = "GeospatialSwift::GeospatialSwift::Product" /* GeospatialSwift.framework */; };
/* End PBXBuildFile section */

/* Begin PBXContainerItemProxy section */
		60944684240EA1020021D3A6 /* PBXContainerItemProxy */ = {
			isa = PBXContainerItemProxy;
			containerPortal = OBJ_1 /* Project object */;
			proxyType = 1;
			remoteGlobalIDString = "GeospatialSwift::GeospatialSwift";
			remoteInfo = GeospatialSwift;
		};
		60944685240EA1040021D3A6 /* PBXContainerItemProxy */ = {
			isa = PBXContainerItemProxy;
			containerPortal = OBJ_1 /* Project object */;
			proxyType = 1;
			remoteGlobalIDString = "GeospatialSwift::GeospatialSwiftTests";
			remoteInfo = GeospatialSwiftTests;
		};
/* End PBXContainerItemProxy section */

/* Begin PBXFileReference section */
		60944695240FE3B70021D3A6 /* GeoJsonSimpleViolation.swift */ = {isa = PBXFileReference; lastKnownFileType = sourcecode.swift; path = GeoJsonSimpleViolation.swift; sourceTree = "<group>"; };
		"GeospatialSwift::GeospatialSwift::Product" /* GeospatialSwift.framework */ = {isa = PBXFileReference; lastKnownFileType = wrapper.framework; path = GeospatialSwift.framework; sourceTree = BUILT_PRODUCTS_DIR; };
		"GeospatialSwift::GeospatialSwiftTests::Product" /* GeospatialSwiftTests.xctest */ = {isa = PBXFileReference; lastKnownFileType = file; path = GeospatialSwiftTests.xctest; sourceTree = BUILT_PRODUCTS_DIR; };
		OBJ_11 /* GeodesicCalculator.swift */ = {isa = PBXFileReference; lastKnownFileType = sourcecode.swift; path = GeodesicCalculator.swift; sourceTree = "<group>"; };
		OBJ_13 /* GeoJson.swift */ = {isa = PBXFileReference; lastKnownFileType = sourcecode.swift; path = GeoJson.swift; sourceTree = "<group>"; };
		OBJ_14 /* GeoJsonDictionary.swift */ = {isa = PBXFileReference; lastKnownFileType = sourcecode.swift; path = GeoJsonDictionary.swift; sourceTree = "<group>"; };
		OBJ_15 /* GeodesicBearing.swift */ = {isa = PBXFileReference; lastKnownFileType = sourcecode.swift; path = GeodesicBearing.swift; sourceTree = "<group>"; };
		OBJ_16 /* GeodesicBoundingBox.swift */ = {isa = PBXFileReference; lastKnownFileType = sourcecode.swift; path = GeodesicBoundingBox.swift; sourceTree = "<group>"; };
		OBJ_17 /* GeodesicLine.swift */ = {isa = PBXFileReference; lastKnownFileType = sourcecode.swift; path = GeodesicLine.swift; sourceTree = "<group>"; };
		OBJ_18 /* GeodesicLineSegment.swift */ = {isa = PBXFileReference; lastKnownFileType = sourcecode.swift; path = GeodesicLineSegment.swift; sourceTree = "<group>"; };
		OBJ_19 /* GeodesicPoint.swift */ = {isa = PBXFileReference; lastKnownFileType = sourcecode.swift; path = GeodesicPoint.swift; sourceTree = "<group>"; };
		OBJ_20 /* GeodesicPolygon.swift */ = {isa = PBXFileReference; lastKnownFileType = sourcecode.swift; path = GeodesicPolygon.swift; sourceTree = "<group>"; };
		OBJ_22 /* Feature.swift */ = {isa = PBXFileReference; lastKnownFileType = sourcecode.swift; path = Feature.swift; sourceTree = "<group>"; };
		OBJ_23 /* FeatureCollection.swift */ = {isa = PBXFileReference; lastKnownFileType = sourcecode.swift; path = FeatureCollection.swift; sourceTree = "<group>"; };
		OBJ_24 /* GeometryCollection.swift */ = {isa = PBXFileReference; lastKnownFileType = sourcecode.swift; path = GeometryCollection.swift; sourceTree = "<group>"; };
		OBJ_25 /* LineString.swift */ = {isa = PBXFileReference; lastKnownFileType = sourcecode.swift; path = LineString.swift; sourceTree = "<group>"; };
		OBJ_26 /* LinearRing.swift */ = {isa = PBXFileReference; lastKnownFileType = sourcecode.swift; path = LinearRing.swift; sourceTree = "<group>"; };
		OBJ_27 /* MultiLineString.swift */ = {isa = PBXFileReference; lastKnownFileType = sourcecode.swift; path = MultiLineString.swift; sourceTree = "<group>"; };
		OBJ_28 /* MultiPoint.swift */ = {isa = PBXFileReference; lastKnownFileType = sourcecode.swift; path = MultiPoint.swift; sourceTree = "<group>"; };
		OBJ_29 /* MultiPolygon.swift */ = {isa = PBXFileReference; lastKnownFileType = sourcecode.swift; path = MultiPolygon.swift; sourceTree = "<group>"; };
		OBJ_30 /* Point.swift */ = {isa = PBXFileReference; lastKnownFileType = sourcecode.swift; path = Point.swift; sourceTree = "<group>"; };
		OBJ_31 /* Polygon.swift */ = {isa = PBXFileReference; lastKnownFileType = sourcecode.swift; path = Polygon.swift; sourceTree = "<group>"; };
		OBJ_33 /* GeoJsonClosedGeometry.swift */ = {isa = PBXFileReference; lastKnownFileType = sourcecode.swift; path = GeoJsonClosedGeometry.swift; sourceTree = "<group>"; };
		OBJ_34 /* GeoJsonCoordinatesGeometry.swift */ = {isa = PBXFileReference; lastKnownFileType = sourcecode.swift; path = GeoJsonCoordinatesGeometry.swift; sourceTree = "<group>"; };
		OBJ_35 /* GeoJsonGeometry.swift */ = {isa = PBXFileReference; lastKnownFileType = sourcecode.swift; path = GeoJsonGeometry.swift; sourceTree = "<group>"; };
		OBJ_36 /* GeoJsonLinearGeometry.swift */ = {isa = PBXFileReference; lastKnownFileType = sourcecode.swift; path = GeoJsonLinearGeometry.swift; sourceTree = "<group>"; };
		OBJ_37 /* GeoJsonObject.swift */ = {isa = PBXFileReference; lastKnownFileType = sourcecode.swift; path = GeoJsonObject.swift; sourceTree = "<group>"; };
		OBJ_38 /* GeoJsonObjectType.swift */ = {isa = PBXFileReference; lastKnownFileType = sourcecode.swift; path = GeoJsonObjectType.swift; sourceTree = "<group>"; };
		OBJ_40 /* GeohashBox.swift */ = {isa = PBXFileReference; lastKnownFileType = sourcecode.swift; path = GeohashBox.swift; sourceTree = "<group>"; };
		OBJ_41 /* GeohashCoder.swift */ = {isa = PBXFileReference; lastKnownFileType = sourcecode.swift; path = GeohashCoder.swift; sourceTree = "<group>"; };
		OBJ_42 /* Geospatial.swift */ = {isa = PBXFileReference; lastKnownFileType = sourcecode.swift; path = Geospatial.swift; sourceTree = "<group>"; };
		OBJ_44 /* Array.swift */ = {isa = PBXFileReference; lastKnownFileType = sourcecode.swift; path = Array.swift; sourceTree = "<group>"; };
		OBJ_45 /* Bundle.swift */ = {isa = PBXFileReference; lastKnownFileType = sourcecode.swift; path = Bundle.swift; sourceTree = "<group>"; };
		OBJ_46 /* FloatingPoint.swift */ = {isa = PBXFileReference; lastKnownFileType = sourcecode.swift; path = FloatingPoint.swift; sourceTree = "<group>"; };
		OBJ_47 /* Result.swift */ = {isa = PBXFileReference; lastKnownFileType = sourcecode.swift; path = Result.swift; sourceTree = "<group>"; };
		OBJ_49 /* GeoJsonParser.swift */ = {isa = PBXFileReference; lastKnownFileType = sourcecode.swift; path = GeoJsonParser.swift; sourceTree = "<group>"; };
		OBJ_50 /* InvalidGeoJson.swift */ = {isa = PBXFileReference; lastKnownFileType = sourcecode.swift; path = InvalidGeoJson.swift; sourceTree = "<group>"; };
		OBJ_51 /* WktParser.swift */ = {isa = PBXFileReference; lastKnownFileType = sourcecode.swift; path = WktParser.swift; sourceTree = "<group>"; };
		OBJ_55 /* GeoJsonTestJson.swift */ = {isa = PBXFileReference; lastKnownFileType = sourcecode.swift; path = GeoJsonTestJson.swift; sourceTree = "<group>"; };
		OBJ_56 /* GeoTestHelper.swift */ = {isa = PBXFileReference; lastKnownFileType = sourcecode.swift; path = GeoTestHelper.swift; sourceTree = "<group>"; };
		OBJ_57 /* MockData.swift */ = {isa = PBXFileReference; lastKnownFileType = sourcecode.swift; path = MockData.swift; sourceTree = "<group>"; };
		OBJ_58 /* WktTestJson.swift */ = {isa = PBXFileReference; lastKnownFileType = sourcecode.swift; path = WktTestJson.swift; sourceTree = "<group>"; };
		OBJ_6 /* Package.swift */ = {isa = PBXFileReference; explicitFileType = sourcecode.swift; path = Package.swift; sourceTree = "<group>"; };
		OBJ_60 /* GeoJsonParsingPerformanceTests.swift */ = {isa = PBXFileReference; lastKnownFileType = sourcecode.swift; path = GeoJsonParsingPerformanceTests.swift; sourceTree = "<group>"; };
		OBJ_64 /* GeodesicCalculatorTests.swift */ = {isa = PBXFileReference; lastKnownFileType = sourcecode.swift; path = GeodesicCalculatorTests.swift; sourceTree = "<group>"; };
		OBJ_66 /* BoundingBoxTests.swift */ = {isa = PBXFileReference; lastKnownFileType = sourcecode.swift; path = BoundingBoxTests.swift; sourceTree = "<group>"; };
		OBJ_67 /* GeodesicLineSegmentTests.swift */ = {isa = PBXFileReference; lastKnownFileType = sourcecode.swift; path = GeodesicLineSegmentTests.swift; sourceTree = "<group>"; };
		OBJ_69 /* FeatureCollectionTests.swift */ = {isa = PBXFileReference; lastKnownFileType = sourcecode.swift; path = FeatureCollectionTests.swift; sourceTree = "<group>"; };
		OBJ_70 /* FeatureTests.swift */ = {isa = PBXFileReference; lastKnownFileType = sourcecode.swift; path = FeatureTests.swift; sourceTree = "<group>"; };
		OBJ_71 /* GeometryCollectionTests.swift */ = {isa = PBXFileReference; lastKnownFileType = sourcecode.swift; path = GeometryCollectionTests.swift; sourceTree = "<group>"; };
		OBJ_72 /* LineStringTests.swift */ = {isa = PBXFileReference; lastKnownFileType = sourcecode.swift; path = LineStringTests.swift; sourceTree = "<group>"; };
		OBJ_73 /* MultiLineStringTests.swift */ = {isa = PBXFileReference; lastKnownFileType = sourcecode.swift; path = MultiLineStringTests.swift; sourceTree = "<group>"; };
		OBJ_74 /* MultiPointTests.swift */ = {isa = PBXFileReference; lastKnownFileType = sourcecode.swift; path = MultiPointTests.swift; sourceTree = "<group>"; };
		OBJ_75 /* MultiPolygonTests.swift */ = {isa = PBXFileReference; lastKnownFileType = sourcecode.swift; path = MultiPolygonTests.swift; sourceTree = "<group>"; };
		OBJ_76 /* PointTests.swift */ = {isa = PBXFileReference; lastKnownFileType = sourcecode.swift; path = PointTests.swift; sourceTree = "<group>"; };
		OBJ_77 /* PolygonTests.swift */ = {isa = PBXFileReference; lastKnownFileType = sourcecode.swift; path = PolygonTests.swift; sourceTree = "<group>"; };
		OBJ_79 /* GeohashCoderTests.swift */ = {isa = PBXFileReference; lastKnownFileType = sourcecode.swift; path = GeohashCoderTests.swift; sourceTree = "<group>"; };
		OBJ_81 /* Assertions.swift */ = {isa = PBXFileReference; lastKnownFileType = sourcecode.swift; path = Assertions.swift; sourceTree = "<group>"; };
		OBJ_82 /* Equatable.swift */ = {isa = PBXFileReference; lastKnownFileType = sourcecode.swift; path = Equatable.swift; sourceTree = "<group>"; };
		OBJ_84 /* GeoJsonParserTests.swift */ = {isa = PBXFileReference; lastKnownFileType = sourcecode.swift; path = GeoJsonParserTests.swift; sourceTree = "<group>"; };
		OBJ_85 /* WktParserTests.swift */ = {isa = PBXFileReference; lastKnownFileType = sourcecode.swift; path = WktParserTests.swift; sourceTree = "<group>"; };
		OBJ_89 /* Tools */ = {isa = PBXFileReference; lastKnownFileType = folder; path = Tools; sourceTree = SOURCE_ROOT; };
		OBJ_90 /* Scripts */ = {isa = PBXFileReference; lastKnownFileType = folder; path = Scripts; sourceTree = SOURCE_ROOT; };
		OBJ_91 /* LICENSE */ = {isa = PBXFileReference; lastKnownFileType = text; path = LICENSE; sourceTree = "<group>"; };
		OBJ_92 /* MAINTAINERS */ = {isa = PBXFileReference; lastKnownFileType = text; path = MAINTAINERS; sourceTree = "<group>"; };
		OBJ_93 /* README.md */ = {isa = PBXFileReference; lastKnownFileType = net.daringfireball.markdown; path = README.md; sourceTree = "<group>"; };
		OBJ_94 /* CONTRIBUTING.md */ = {isa = PBXFileReference; lastKnownFileType = net.daringfireball.markdown; path = CONTRIBUTING.md; sourceTree = "<group>"; };
/* End PBXFileReference section */

/* Begin PBXFrameworksBuildPhase section */
		OBJ_135 /* Frameworks */ = {
			isa = PBXFrameworksBuildPhase;
			buildActionMask = 0;
			files = (
			);
			runOnlyForDeploymentPostprocessing = 0;
		};
		OBJ_174 /* Frameworks */ = {
			isa = PBXFrameworksBuildPhase;
			buildActionMask = 0;
			files = (
				OBJ_175 /* GeospatialSwift.framework in Frameworks */,
			);
			runOnlyForDeploymentPostprocessing = 0;
		};
/* End PBXFrameworksBuildPhase section */

/* Begin PBXGroup section */
		60944697240FE4130021D3A6 /* Geodesic */ = {
			isa = PBXGroup;
			children = (
				OBJ_15 /* GeodesicBearing.swift */,
				OBJ_16 /* GeodesicBoundingBox.swift */,
				OBJ_17 /* GeodesicLine.swift */,
				OBJ_18 /* GeodesicLineSegment.swift */,
				OBJ_19 /* GeodesicPoint.swift */,
				OBJ_20 /* GeodesicPolygon.swift */,
			);
			path = Geodesic;
			sourceTree = "<group>";
		};
		60A857EE24360D9C008554C6 /* Extensions */ = {
			isa = PBXGroup;
			children = (
				OBJ_47 /* Result.swift */,
			);
			path = Extensions;
			sourceTree = "<group>";
		};
		OBJ_10 /* Calculator */ = {
			isa = PBXGroup;
			children = (
				OBJ_11 /* GeodesicCalculator.swift */,
			);
			path = Calculator;
			sourceTree = "<group>";
		};
		OBJ_12 /* GeoJson */ = {
			isa = PBXGroup;
			children = (
				OBJ_13 /* GeoJson.swift */,
				OBJ_14 /* GeoJsonDictionary.swift */,
				60944695240FE3B70021D3A6 /* GeoJsonSimpleViolation.swift */,
				OBJ_21 /* Object */,
			);
			path = GeoJson;
			sourceTree = "<group>";
		};
		OBJ_21 /* Object */ = {
			isa = PBXGroup;
			children = (
				OBJ_22 /* Feature.swift */,
				OBJ_23 /* FeatureCollection.swift */,
				OBJ_24 /* GeometryCollection.swift */,
				OBJ_26 /* LinearRing.swift */,
				OBJ_25 /* LineString.swift */,
				OBJ_27 /* MultiLineString.swift */,
				OBJ_28 /* MultiPoint.swift */,
				OBJ_29 /* MultiPolygon.swift */,
				OBJ_30 /* Point.swift */,
				OBJ_31 /* Polygon.swift */,
				OBJ_32 /* Protocol */,
			);
			path = Object;
			sourceTree = "<group>";
		};
		OBJ_32 /* Protocol */ = {
			isa = PBXGroup;
			children = (
				OBJ_33 /* GeoJsonClosedGeometry.swift */,
				OBJ_34 /* GeoJsonCoordinatesGeometry.swift */,
				OBJ_35 /* GeoJsonGeometry.swift */,
				OBJ_36 /* GeoJsonLinearGeometry.swift */,
				OBJ_37 /* GeoJsonObject.swift */,
				OBJ_38 /* GeoJsonObjectType.swift */,
			);
			path = Protocol;
			sourceTree = "<group>";
		};
		OBJ_39 /* Geohash */ = {
			isa = PBXGroup;
			children = (
				OBJ_40 /* GeohashBox.swift */,
				OBJ_41 /* GeohashCoder.swift */,
			);
			path = Geohash;
			sourceTree = "<group>";
		};
		OBJ_43 /* Extensions */ = {
			isa = PBXGroup;
			children = (
				OBJ_44 /* Array.swift */,
				OBJ_45 /* Bundle.swift */,
				OBJ_46 /* FloatingPoint.swift */,
			);
			path = Extensions;
			sourceTree = "<group>";
		};
		OBJ_48 /* Parser */ = {
			isa = PBXGroup;
			children = (
				OBJ_49 /* GeoJsonParser.swift */,
				OBJ_50 /* InvalidGeoJson.swift */,
				OBJ_51 /* WktParser.swift */,
			);
			path = Parser;
			sourceTree = "<group>";
		};
		OBJ_5 = {
			isa = PBXGroup;
			children = (
				OBJ_6 /* Package.swift */,
				OBJ_7 /* Sources */,
				OBJ_52 /* Tests */,
				OBJ_86 /* Products */,
				OBJ_89 /* Tools */,
				OBJ_90 /* Scripts */,
				OBJ_91 /* LICENSE */,
				OBJ_92 /* MAINTAINERS */,
				OBJ_93 /* README.md */,
				OBJ_94 /* CONTRIBUTING.md */,
			);
			sourceTree = "<group>";
		};
		OBJ_52 /* Tests */ = {
			isa = PBXGroup;
			children = (
				OBJ_53 /* GeospatialSwiftTests */,
			);
			name = Tests;
			sourceTree = SOURCE_ROOT;
		};
		OBJ_53 /* GeospatialSwiftTests */ = {
			isa = PBXGroup;
			children = (
				OBJ_54 /* Data */,
				60A857EE24360D9C008554C6 /* Extensions */,
				OBJ_59 /* Performance */,
				OBJ_61 /* Test */,
			);
			name = GeospatialSwiftTests;
			path = Tests/GeospatialSwiftTests;
			sourceTree = SOURCE_ROOT;
		};
		OBJ_54 /* Data */ = {
			isa = PBXGroup;
			children = (
				OBJ_55 /* GeoJsonTestJson.swift */,
				OBJ_56 /* GeoTestHelper.swift */,
				OBJ_57 /* MockData.swift */,
				OBJ_58 /* WktTestJson.swift */,
			);
			path = Data;
			sourceTree = "<group>";
		};
		OBJ_59 /* Performance */ = {
			isa = PBXGroup;
			children = (
				OBJ_60 /* GeoJsonParsingPerformanceTests.swift */,
			);
			path = Performance;
			sourceTree = "<group>";
		};
		OBJ_61 /* Test */ = {
			isa = PBXGroup;
			children = (
				OBJ_62 /* API */,
				OBJ_80 /* Extensions */,
				OBJ_83 /* Parser */,
			);
			path = Test;
			sourceTree = "<group>";
		};
		OBJ_62 /* API */ = {
			isa = PBXGroup;
			children = (
				OBJ_63 /* Calculator */,
				OBJ_65 /* GeoJson */,
				OBJ_78 /* Geohash */,
			);
			path = API;
			sourceTree = "<group>";
		};
		OBJ_63 /* Calculator */ = {
			isa = PBXGroup;
			children = (
				OBJ_64 /* GeodesicCalculatorTests.swift */,
			);
			path = Calculator;
			sourceTree = "<group>";
		};
		OBJ_65 /* GeoJson */ = {
			isa = PBXGroup;
			children = (
				OBJ_66 /* BoundingBoxTests.swift */,
				OBJ_67 /* GeodesicLineSegmentTests.swift */,
				OBJ_68 /* Object */,
			);
			path = GeoJson;
			sourceTree = "<group>";
		};
		OBJ_68 /* Object */ = {
			isa = PBXGroup;
			children = (
				OBJ_69 /* FeatureCollectionTests.swift */,
				OBJ_70 /* FeatureTests.swift */,
				OBJ_71 /* GeometryCollectionTests.swift */,
				OBJ_72 /* LineStringTests.swift */,
				OBJ_73 /* MultiLineStringTests.swift */,
				OBJ_74 /* MultiPointTests.swift */,
				OBJ_75 /* MultiPolygonTests.swift */,
				OBJ_76 /* PointTests.swift */,
				OBJ_77 /* PolygonTests.swift */,
			);
			path = Object;
			sourceTree = "<group>";
		};
		OBJ_7 /* Sources */ = {
			isa = PBXGroup;
			children = (
				OBJ_8 /* GeospatialSwift */,
			);
			name = Sources;
			sourceTree = SOURCE_ROOT;
		};
		OBJ_78 /* Geohash */ = {
			isa = PBXGroup;
			children = (
				OBJ_79 /* GeohashCoderTests.swift */,
			);
			path = Geohash;
			sourceTree = "<group>";
		};
		OBJ_8 /* GeospatialSwift */ = {
			isa = PBXGroup;
			children = (
				OBJ_9 /* API */,
				OBJ_43 /* Extensions */,
				OBJ_48 /* Parser */,
			);
			name = GeospatialSwift;
			path = Sources/GeospatialSwift;
			sourceTree = SOURCE_ROOT;
		};
		OBJ_80 /* Extensions */ = {
			isa = PBXGroup;
			children = (
				OBJ_81 /* Assertions.swift */,
				OBJ_82 /* Equatable.swift */,
			);
			path = Extensions;
			sourceTree = "<group>";
		};
		OBJ_83 /* Parser */ = {
			isa = PBXGroup;
			children = (
				OBJ_84 /* GeoJsonParserTests.swift */,
				OBJ_85 /* WktParserTests.swift */,
			);
			path = Parser;
			sourceTree = "<group>";
		};
		OBJ_86 /* Products */ = {
			isa = PBXGroup;
			children = (
				"GeospatialSwift::GeospatialSwiftTests::Product" /* GeospatialSwiftTests.xctest */,
				"GeospatialSwift::GeospatialSwift::Product" /* GeospatialSwift.framework */,
			);
			name = Products;
			sourceTree = BUILT_PRODUCTS_DIR;
		};
		OBJ_9 /* API */ = {
			isa = PBXGroup;
			children = (
				OBJ_10 /* Calculator */,
				60944697240FE4130021D3A6 /* Geodesic */,
				OBJ_39 /* Geohash */,
				OBJ_12 /* GeoJson */,
				OBJ_42 /* Geospatial.swift */,
			);
			path = API;
			sourceTree = "<group>";
		};
/* End PBXGroup section */

/* Begin PBXNativeTarget section */
		"GeospatialSwift::GeospatialSwift" /* GeospatialSwift */ = {
			isa = PBXNativeTarget;
			buildConfigurationList = OBJ_96 /* Build configuration list for PBXNativeTarget "GeospatialSwift" */;
			buildPhases = (
				OBJ_99 /* Sources */,
				OBJ_135 /* Frameworks */,
			);
			buildRules = (
			);
			dependencies = (
			);
			name = GeospatialSwift;
			productName = GeospatialSwift;
			productReference = "GeospatialSwift::GeospatialSwift::Product" /* GeospatialSwift.framework */;
			productType = "com.apple.product-type.framework";
		};
		"GeospatialSwift::GeospatialSwiftTests" /* GeospatialSwiftTests */ = {
			isa = PBXNativeTarget;
			buildConfigurationList = OBJ_148 /* Build configuration list for PBXNativeTarget "GeospatialSwiftTests" */;
			buildPhases = (
				OBJ_151 /* Sources */,
				OBJ_174 /* Frameworks */,
			);
			buildRules = (
			);
			dependencies = (
				OBJ_176 /* PBXTargetDependency */,
			);
			name = GeospatialSwiftTests;
			productName = GeospatialSwiftTests;
			productReference = "GeospatialSwift::GeospatialSwiftTests::Product" /* GeospatialSwiftTests.xctest */;
			productType = "com.apple.product-type.bundle.unit-test";
		};
		"GeospatialSwift::SwiftPMPackageDescription" /* GeospatialSwiftPackageDescription */ = {
			isa = PBXNativeTarget;
			buildConfigurationList = OBJ_137 /* Build configuration list for PBXNativeTarget "GeospatialSwiftPackageDescription" */;
			buildPhases = (
				OBJ_140 /* Sources */,
			);
			buildRules = (
			);
			dependencies = (
			);
			name = GeospatialSwiftPackageDescription;
			productName = GeospatialSwiftPackageDescription;
			productType = "com.apple.product-type.framework";
		};
/* End PBXNativeTarget section */

/* Begin PBXProject section */
		OBJ_1 /* Project object */ = {
			isa = PBXProject;
			attributes = {
				LastSwiftMigration = 9999;
				LastUpgradeCheck = 9999;
			};
			buildConfigurationList = OBJ_2 /* Build configuration list for PBXProject "GeospatialSwift" */;
			compatibilityVersion = "Xcode 3.2";
			developmentRegion = en;
			hasScannedForEncodings = 0;
			knownRegions = (
				en,
			);
			mainGroup = OBJ_5;
			productRefGroup = OBJ_86 /* Products */;
			projectDirPath = "";
			projectRoot = "";
			targets = (
				"GeospatialSwift::GeospatialSwift" /* GeospatialSwift */,
				"GeospatialSwift::SwiftPMPackageDescription" /* GeospatialSwiftPackageDescription */,
				"GeospatialSwift::GeospatialSwiftPackageTests::ProductTarget" /* GeospatialSwiftPackageTests */,
				"GeospatialSwift::GeospatialSwiftTests" /* GeospatialSwiftTests */,
			);
		};
/* End PBXProject section */

/* Begin PBXSourcesBuildPhase section */
		OBJ_140 /* Sources */ = {
			isa = PBXSourcesBuildPhase;
			buildActionMask = 0;
			files = (
				OBJ_141 /* Package.swift in Sources */,
			);
			runOnlyForDeploymentPostprocessing = 0;
		};
		OBJ_151 /* Sources */ = {
			isa = PBXSourcesBuildPhase;
			buildActionMask = 0;
			files = (
				OBJ_152 /* GeoJsonTestJson.swift in Sources */,
				OBJ_153 /* GeoTestHelper.swift in Sources */,
				OBJ_154 /* MockData.swift in Sources */,
				OBJ_155 /* WktTestJson.swift in Sources */,
				OBJ_156 /* GeoJsonParsingPerformanceTests.swift in Sources */,
				OBJ_157 /* GeodesicCalculatorTests.swift in Sources */,
				OBJ_158 /* BoundingBoxTests.swift in Sources */,
				OBJ_159 /* GeodesicLineSegmentTests.swift in Sources */,
				OBJ_160 /* FeatureCollectionTests.swift in Sources */,
				OBJ_161 /* FeatureTests.swift in Sources */,
				OBJ_162 /* GeometryCollectionTests.swift in Sources */,
				OBJ_163 /* LineStringTests.swift in Sources */,
				OBJ_164 /* MultiLineStringTests.swift in Sources */,
				60A857EF24360DB6008554C6 /* Result.swift in Sources */,
				OBJ_165 /* MultiPointTests.swift in Sources */,
				OBJ_166 /* MultiPolygonTests.swift in Sources */,
				OBJ_167 /* PointTests.swift in Sources */,
				OBJ_168 /* PolygonTests.swift in Sources */,
				OBJ_169 /* GeohashCoderTests.swift in Sources */,
				OBJ_170 /* Assertions.swift in Sources */,
				OBJ_171 /* Equatable.swift in Sources */,
				OBJ_172 /* GeoJsonParserTests.swift in Sources */,
				OBJ_173 /* WktParserTests.swift in Sources */,
			);
			runOnlyForDeploymentPostprocessing = 0;
		};
		OBJ_99 /* Sources */ = {
			isa = PBXSourcesBuildPhase;
			buildActionMask = 0;
			files = (
				OBJ_100 /* GeodesicCalculator.swift in Sources */,
				OBJ_101 /* GeoJson.swift in Sources */,
				OBJ_102 /* GeoJsonDictionary.swift in Sources */,
				OBJ_103 /* GeodesicBearing.swift in Sources */,
				OBJ_104 /* GeodesicBoundingBox.swift in Sources */,
				OBJ_105 /* GeodesicLine.swift in Sources */,
				OBJ_106 /* GeodesicLineSegment.swift in Sources */,
				OBJ_107 /* GeodesicPoint.swift in Sources */,
				OBJ_108 /* GeodesicPolygon.swift in Sources */,
				OBJ_109 /* Feature.swift in Sources */,
				OBJ_110 /* FeatureCollection.swift in Sources */,
				60944696240FE3B70021D3A6 /* GeoJsonSimpleViolation.swift in Sources */,
				OBJ_111 /* GeometryCollection.swift in Sources */,
				OBJ_112 /* LineString.swift in Sources */,
				OBJ_113 /* LinearRing.swift in Sources */,
				OBJ_114 /* MultiLineString.swift in Sources */,
				OBJ_115 /* MultiPoint.swift in Sources */,
				OBJ_116 /* MultiPolygon.swift in Sources */,
				OBJ_117 /* Point.swift in Sources */,
				OBJ_118 /* Polygon.swift in Sources */,
				OBJ_119 /* GeoJsonClosedGeometry.swift in Sources */,
				OBJ_120 /* GeoJsonCoordinatesGeometry.swift in Sources */,
				OBJ_121 /* GeoJsonGeometry.swift in Sources */,
				OBJ_122 /* GeoJsonLinearGeometry.swift in Sources */,
				OBJ_123 /* GeoJsonObject.swift in Sources */,
				OBJ_124 /* GeoJsonObjectType.swift in Sources */,
				OBJ_125 /* GeohashBox.swift in Sources */,
				OBJ_126 /* GeohashCoder.swift in Sources */,
				OBJ_127 /* Geospatial.swift in Sources */,
				OBJ_128 /* Array.swift in Sources */,
				OBJ_129 /* Bundle.swift in Sources */,
				OBJ_130 /* FloatingPoint.swift in Sources */,
				OBJ_132 /* GeoJsonParser.swift in Sources */,
				OBJ_133 /* InvalidGeoJson.swift in Sources */,
				OBJ_134 /* WktParser.swift in Sources */,
			);
			runOnlyForDeploymentPostprocessing = 0;
		};
/* End PBXSourcesBuildPhase section */

/* Begin PBXTargetDependency section */
		OBJ_146 /* PBXTargetDependency */ = {
			isa = PBXTargetDependency;
			target = "GeospatialSwift::GeospatialSwiftTests" /* GeospatialSwiftTests */;
			targetProxy = 60944685240EA1040021D3A6 /* PBXContainerItemProxy */;
		};
		OBJ_176 /* PBXTargetDependency */ = {
			isa = PBXTargetDependency;
			target = "GeospatialSwift::GeospatialSwift" /* GeospatialSwift */;
			targetProxy = 60944684240EA1020021D3A6 /* PBXContainerItemProxy */;
		};
/* End PBXTargetDependency section */

/* Begin XCBuildConfiguration section */
		OBJ_138 /* Debug */ = {
			isa = XCBuildConfiguration;
			buildSettings = {
				LD = /usr/bin/true;
				OTHER_SWIFT_FLAGS = "-swift-version 5 -I $(TOOLCHAIN_DIR)/usr/lib/swift/pm/4_2 -target x86_64-apple-macosx10.10 -sdk /Applications/Xcode-11.3.1.app/Contents/Developer/Platforms/MacOSX.platform/Developer/SDKs/MacOSX10.15.sdk -package-description-version 5.1";
				SWIFT_VERSION = 5.0;
			};
			name = Debug;
		};
		OBJ_139 /* Release */ = {
			isa = XCBuildConfiguration;
			buildSettings = {
				LD = /usr/bin/true;
				OTHER_SWIFT_FLAGS = "-swift-version 5 -I $(TOOLCHAIN_DIR)/usr/lib/swift/pm/4_2 -target x86_64-apple-macosx10.10 -sdk /Applications/Xcode-11.3.1.app/Contents/Developer/Platforms/MacOSX.platform/Developer/SDKs/MacOSX10.15.sdk -package-description-version 5.1";
				SWIFT_VERSION = 5.0;
			};
			name = Release;
		};
		OBJ_144 /* Debug */ = {
			isa = XCBuildConfiguration;
			buildSettings = {
			};
			name = Debug;
		};
		OBJ_145 /* Release */ = {
			isa = XCBuildConfiguration;
			buildSettings = {
			};
			name = Release;
		};
		OBJ_149 /* Debug */ = {
			isa = XCBuildConfiguration;
			buildSettings = {
				CLANG_ENABLE_MODULES = YES;
				EMBEDDED_CONTENT_CONTAINS_SWIFT = YES;
				FRAMEWORK_SEARCH_PATHS = (
					"$(inherited)",
					"$(PLATFORM_DIR)/Developer/Library/Frameworks",
				);
				HEADER_SEARCH_PATHS = "$(inherited)";
				INFOPLIST_FILE = GeospatialSwift.xcodeproj/GeospatialSwiftTests_Info.plist;
				IPHONEOS_DEPLOYMENT_TARGET = 8.0;
				LD_RUNPATH_SEARCH_PATHS = "$(inherited) @loader_path/../Frameworks @loader_path/Frameworks";
				MACOSX_DEPLOYMENT_TARGET = 10.10;
				OTHER_CFLAGS = "$(inherited)";
				OTHER_LDFLAGS = "$(inherited)";
				OTHER_SWIFT_FLAGS = "$(inherited)";
				SWIFT_ACTIVE_COMPILATION_CONDITIONS = "$(inherited)";
				SWIFT_VERSION = 5.0;
				TARGET_NAME = GeospatialSwiftTests;
				TVOS_DEPLOYMENT_TARGET = 9.0;
				WATCHOS_DEPLOYMENT_TARGET = 2.0;
			};
			name = Debug;
		};
		OBJ_150 /* Release */ = {
			isa = XCBuildConfiguration;
			buildSettings = {
				CLANG_ENABLE_MODULES = YES;
				EMBEDDED_CONTENT_CONTAINS_SWIFT = YES;
				FRAMEWORK_SEARCH_PATHS = (
					"$(inherited)",
					"$(PLATFORM_DIR)/Developer/Library/Frameworks",
				);
				HEADER_SEARCH_PATHS = "$(inherited)";
				INFOPLIST_FILE = GeospatialSwift.xcodeproj/GeospatialSwiftTests_Info.plist;
				IPHONEOS_DEPLOYMENT_TARGET = 8.0;
				LD_RUNPATH_SEARCH_PATHS = "$(inherited) @loader_path/../Frameworks @loader_path/Frameworks";
				MACOSX_DEPLOYMENT_TARGET = 10.10;
				OTHER_CFLAGS = "$(inherited)";
				OTHER_LDFLAGS = "$(inherited)";
				OTHER_SWIFT_FLAGS = "$(inherited)";
				SWIFT_ACTIVE_COMPILATION_CONDITIONS = "$(inherited)";
				SWIFT_VERSION = 5.0;
				TARGET_NAME = GeospatialSwiftTests;
				TVOS_DEPLOYMENT_TARGET = 9.0;
				WATCHOS_DEPLOYMENT_TARGET = 2.0;
			};
			name = Release;
		};
		OBJ_3 /* Debug */ = {
			isa = XCBuildConfiguration;
			buildSettings = {
				CLANG_ENABLE_OBJC_ARC = YES;
				COMBINE_HIDPI_IMAGES = YES;
				COPY_PHASE_STRIP = NO;
				DEBUG_INFORMATION_FORMAT = dwarf;
				DYLIB_INSTALL_NAME_BASE = "@rpath";
				ENABLE_NS_ASSERTIONS = YES;
				GCC_OPTIMIZATION_LEVEL = 0;
				GCC_PREPROCESSOR_DEFINITIONS = (
					"$(inherited)",
					"SWIFT_PACKAGE=1",
					"DEBUG=1",
				);
				MACOSX_DEPLOYMENT_TARGET = 10.10;
				ONLY_ACTIVE_ARCH = YES;
				OTHER_SWIFT_FLAGS = "$(inherited) -DXcode";
				PRODUCT_NAME = "$(TARGET_NAME)";
				SDKROOT = macosx;
				SUPPORTED_PLATFORMS = "macosx iphoneos iphonesimulator appletvos appletvsimulator watchos watchsimulator";
				SWIFT_ACTIVE_COMPILATION_CONDITIONS = "$(inherited) SWIFT_PACKAGE DEBUG";
				SWIFT_OPTIMIZATION_LEVEL = "-Onone";
				USE_HEADERMAP = NO;
			};
			name = Debug;
		};
		OBJ_4 /* Release */ = {
			isa = XCBuildConfiguration;
			buildSettings = {
				CLANG_ENABLE_OBJC_ARC = YES;
				COMBINE_HIDPI_IMAGES = YES;
				COPY_PHASE_STRIP = YES;
				DEBUG_INFORMATION_FORMAT = "dwarf-with-dsym";
				DYLIB_INSTALL_NAME_BASE = "@rpath";
				GCC_OPTIMIZATION_LEVEL = s;
				GCC_PREPROCESSOR_DEFINITIONS = (
					"$(inherited)",
					"SWIFT_PACKAGE=1",
				);
				MACOSX_DEPLOYMENT_TARGET = 10.10;
				OTHER_SWIFT_FLAGS = "$(inherited) -DXcode";
				PRODUCT_NAME = "$(TARGET_NAME)";
				SDKROOT = macosx;
				SUPPORTED_PLATFORMS = "macosx iphoneos iphonesimulator appletvos appletvsimulator watchos watchsimulator";
				SWIFT_ACTIVE_COMPILATION_CONDITIONS = "$(inherited) SWIFT_PACKAGE";
				SWIFT_OPTIMIZATION_LEVEL = "-Owholemodule";
				USE_HEADERMAP = NO;
			};
			name = Release;
		};
		OBJ_97 /* Debug */ = {
			isa = XCBuildConfiguration;
			buildSettings = {
				ENABLE_TESTABILITY = YES;
				FRAMEWORK_SEARCH_PATHS = (
					"$(inherited)",
					"$(PLATFORM_DIR)/Developer/Library/Frameworks",
				);
				HEADER_SEARCH_PATHS = "$(inherited)";
				INFOPLIST_FILE = GeospatialSwift.xcodeproj/GeospatialSwift_Info.plist;
				IPHONEOS_DEPLOYMENT_TARGET = 8.0;
				LD_RUNPATH_SEARCH_PATHS = "$(inherited) $(TOOLCHAIN_DIR)/usr/lib/swift/macosx";
				MACOSX_DEPLOYMENT_TARGET = 10.10;
				OTHER_CFLAGS = "$(inherited)";
				OTHER_LDFLAGS = "$(inherited)";
				OTHER_SWIFT_FLAGS = "$(inherited)";
				PRODUCT_BUNDLE_IDENTIFIER = GeospatialSwift;
				PRODUCT_MODULE_NAME = "$(TARGET_NAME:c99extidentifier)";
				PRODUCT_NAME = "$(TARGET_NAME:c99extidentifier)";
				SKIP_INSTALL = YES;
				SWIFT_ACTIVE_COMPILATION_CONDITIONS = "$(inherited)";
				SWIFT_VERSION = 5.0;
				TARGET_NAME = GeospatialSwift;
				TVOS_DEPLOYMENT_TARGET = 9.0;
				WATCHOS_DEPLOYMENT_TARGET = 2.0;
			};
			name = Debug;
		};
		OBJ_98 /* Release */ = {
			isa = XCBuildConfiguration;
			buildSettings = {
				ENABLE_TESTABILITY = YES;
				FRAMEWORK_SEARCH_PATHS = (
					"$(inherited)",
					"$(PLATFORM_DIR)/Developer/Library/Frameworks",
				);
				HEADER_SEARCH_PATHS = "$(inherited)";
				INFOPLIST_FILE = GeospatialSwift.xcodeproj/GeospatialSwift_Info.plist;
				IPHONEOS_DEPLOYMENT_TARGET = 8.0;
				LD_RUNPATH_SEARCH_PATHS = "$(inherited) $(TOOLCHAIN_DIR)/usr/lib/swift/macosx";
				MACOSX_DEPLOYMENT_TARGET = 10.10;
				OTHER_CFLAGS = "$(inherited)";
				OTHER_LDFLAGS = "$(inherited)";
				OTHER_SWIFT_FLAGS = "$(inherited)";
				PRODUCT_BUNDLE_IDENTIFIER = GeospatialSwift;
				PRODUCT_MODULE_NAME = "$(TARGET_NAME:c99extidentifier)";
				PRODUCT_NAME = "$(TARGET_NAME:c99extidentifier)";
				SKIP_INSTALL = YES;
				SWIFT_ACTIVE_COMPILATION_CONDITIONS = "$(inherited)";
				SWIFT_VERSION = 5.0;
				TARGET_NAME = GeospatialSwift;
				TVOS_DEPLOYMENT_TARGET = 9.0;
				WATCHOS_DEPLOYMENT_TARGET = 2.0;
			};
			name = Release;
		};
/* End XCBuildConfiguration section */

/* Begin XCConfigurationList section */
		OBJ_137 /* Build configuration list for PBXNativeTarget "GeospatialSwiftPackageDescription" */ = {
			isa = XCConfigurationList;
			buildConfigurations = (
				OBJ_138 /* Debug */,
				OBJ_139 /* Release */,
			);
			defaultConfigurationIsVisible = 0;
			defaultConfigurationName = Release;
		};
		OBJ_143 /* Build configuration list for PBXAggregateTarget "GeospatialSwiftPackageTests" */ = {
			isa = XCConfigurationList;
			buildConfigurations = (
				OBJ_144 /* Debug */,
				OBJ_145 /* Release */,
			);
			defaultConfigurationIsVisible = 0;
			defaultConfigurationName = Release;
		};
		OBJ_148 /* Build configuration list for PBXNativeTarget "GeospatialSwiftTests" */ = {
			isa = XCConfigurationList;
			buildConfigurations = (
				OBJ_149 /* Debug */,
				OBJ_150 /* Release */,
			);
			defaultConfigurationIsVisible = 0;
			defaultConfigurationName = Release;
		};
		OBJ_2 /* Build configuration list for PBXProject "GeospatialSwift" */ = {
			isa = XCConfigurationList;
			buildConfigurations = (
				OBJ_3 /* Debug */,
				OBJ_4 /* Release */,
			);
			defaultConfigurationIsVisible = 0;
			defaultConfigurationName = Release;
		};
		OBJ_96 /* Build configuration list for PBXNativeTarget "GeospatialSwift" */ = {
			isa = XCConfigurationList;
			buildConfigurations = (
				OBJ_97 /* Debug */,
				OBJ_98 /* Release */,
			);
			defaultConfigurationIsVisible = 0;
			defaultConfigurationName = Release;
		};
/* End XCConfigurationList section */
	};
	rootObject = OBJ_1 /* Project object */;
}
